
Microsoft Visual Studio Solution File, Format Version 12.00
# Visual Studio Version 17
VisualStudioVersion = 17.9.34728.123
MinimumVisualStudioVersion = 10.0.40219.1
Project("{FAE04EC0-301F-11D3-BF4B-00C04F79EFBC}") = "NASL", "NASL.csproj", "{13CA61DE-4AF3-406A-86B3-B3ADB5FDDEB4}"
EndProject
Global
	GlobalSection(SolutionConfigurationPlatforms) = preSolution
		Debug|Any CPU = Debug|Any CPU
		Release|Any CPU = Release|Any CPU
	EndGlobalSection
	GlobalSection(ProjectConfigurationPlatforms) = postSolution
		{13CA61DE-4AF3-406A-86B3-B3ADB5FDDEB4}.Debug|Any CPU.ActiveCfg = Debug|Any CPU
		{13CA61DE-4AF3-406A-86B3-B3ADB5FDDEB4}.Debug|Any CPU.Build.0 = Debug|Any CPU
		{13CA61DE-4AF3-406A-86B3-B3ADB5FDDEB4}.Release|Any CPU.ActiveCfg = Release|Any CPU
		{13CA61DE-4AF3-406A-86B3-B3ADB5FDDEB4}.Release|Any CPU.Build.0 = Release|Any CPU
	EndGlobalSection
	GlobalSection(SolutionProperties) = preSolution
		HideSolutionNode = FALSE
	EndGlobalSection
	GlobalSection(ExtensibilityGlobals) = postSolution
		SolutionGuid = {A62627D3-F6B4-4406-85D6-18446F6F1050}
	EndGlobalSection
EndGlobal
